// !$*UTF8*$!
{
	archiveVersion = 1;
	classes = {
	};
	objectVersion = 55;
	objects = {

/* Begin PBXBuildFile section */
		0B0CD5E7287E650200774CDB /* Puzzle_BuddyApp.swift in Sources */ = {isa = PBXBuildFile; fileRef = 0B0CD5E6287E650200774CDB /* Puzzle_BuddyApp.swift */; };
		0B0CD5E9287E650200774CDB /* ContentView.swift in Sources */ = {isa = PBXBuildFile; fileRef = 0B0CD5E8287E650200774CDB /* ContentView.swift */; };
		0B0CD5EB287E650400774CDB /* Assets.xcassets in Resources */ = {isa = PBXBuildFile; fileRef = 0B0CD5EA287E650400774CDB /* Assets.xcassets */; };
		0B0CD5EE287E650400774CDB /* Preview Assets.xcassets in Resources */ = {isa = PBXBuildFile; fileRef = 0B0CD5ED287E650400774CDB /* Preview Assets.xcassets */; };
		0B0CD5F8287E650400774CDB /* Puzzle_BuddyTests.swift in Sources */ = {isa = PBXBuildFile; fileRef = 0B0CD5F7287E650400774CDB /* Puzzle_BuddyTests.swift */; };
		0B0CD602287E650400774CDB /* Puzzle_BuddyUITests.swift in Sources */ = {isa = PBXBuildFile; fileRef = 0B0CD601287E650400774CDB /* Puzzle_BuddyUITests.swift */; };
		0B0CD604287E650400774CDB /* Puzzle_BuddyUITestsLaunchTests.swift in Sources */ = {isa = PBXBuildFile; fileRef = 0B0CD603287E650400774CDB /* Puzzle_BuddyUITestsLaunchTests.swift */; };
		0B660E48288C4F1000696180 /* PuzzleObject.swift in Sources */ = {isa = PBXBuildFile; fileRef = 0B660E47288C4F1000696180 /* PuzzleObject.swift */; };
		0B660E4A288C4F2B00696180 /* PuzzleForm.swift in Sources */ = {isa = PBXBuildFile; fileRef = 0B660E49288C4F2B00696180 /* PuzzleForm.swift */; };
		0B660E4C288C4F6700696180 /* PuzzleList.swift in Sources */ = {isa = PBXBuildFile; fileRef = 0B660E4B288C4F6700696180 /* PuzzleList.swift */; };
/* End PBXBuildFile section */

/* Begin PBXContainerItemProxy section */
		0B0CD5F4287E650400774CDB /* PBXContainerItemProxy */ = {
			isa = PBXContainerItemProxy;
			containerPortal = 0B0CD5DB287E650200774CDB /* Project object */;
			proxyType = 1;
			remoteGlobalIDString = 0B0CD5E2287E650200774CDB;
			remoteInfo = "Puzzle Buddy";
		};
		0B0CD5FE287E650400774CDB /* PBXContainerItemProxy */ = {
			isa = PBXContainerItemProxy;
			containerPortal = 0B0CD5DB287E650200774CDB /* Project object */;
			proxyType = 1;
			remoteGlobalIDString = 0B0CD5E2287E650200774CDB;
			remoteInfo = "Puzzle Buddy";
		};
/* End PBXContainerItemProxy section */

/* Begin PBXFileReference section */
		0B0CD5E3287E650200774CDB /* Puzzle Buddy.app */ = {isa = PBXFileReference; explicitFileType = wrapper.application; includeInIndex = 0; path = "Puzzle Buddy.app"; sourceTree = BUILT_PRODUCTS_DIR; };
		0B0CD5E6287E650200774CDB /* Puzzle_BuddyApp.swift */ = {isa = PBXFileReference; lastKnownFileType = sourcecode.swift; path = Puzzle_BuddyApp.swift; sourceTree = "<group>"; };
		0B0CD5E8287E650200774CDB /* ContentView.swift */ = {isa = PBXFileReference; lastKnownFileType = sourcecode.swift; path = ContentView.swift; sourceTree = "<group>"; };
		0B0CD5EA287E650400774CDB /* Assets.xcassets */ = {isa = PBXFileReference; lastKnownFileType = folder.assetcatalog; path = Assets.xcassets; sourceTree = "<group>"; };
		0B0CD5ED287E650400774CDB /* Preview Assets.xcassets */ = {isa = PBXFileReference; lastKnownFileType = folder.assetcatalog; path = "Preview Assets.xcassets"; sourceTree = "<group>"; };
		0B0CD5F3287E650400774CDB /* Puzzle BuddyTests.xctest */ = {isa = PBXFileReference; explicitFileType = wrapper.cfbundle; includeInIndex = 0; path = "Puzzle BuddyTests.xctest"; sourceTree = BUILT_PRODUCTS_DIR; };
		0B0CD5F7287E650400774CDB /* Puzzle_BuddyTests.swift */ = {isa = PBXFileReference; lastKnownFileType = sourcecode.swift; path = Puzzle_BuddyTests.swift; sourceTree = "<group>"; };
		0B0CD5FD287E650400774CDB /* Puzzle BuddyUITests.xctest */ = {isa = PBXFileReference; explicitFileType = wrapper.cfbundle; includeInIndex = 0; path = "Puzzle BuddyUITests.xctest"; sourceTree = BUILT_PRODUCTS_DIR; };
		0B0CD601287E650400774CDB /* Puzzle_BuddyUITests.swift */ = {isa = PBXFileReference; lastKnownFileType = sourcecode.swift; path = Puzzle_BuddyUITests.swift; sourceTree = "<group>"; };
		0B0CD603287E650400774CDB /* Puzzle_BuddyUITestsLaunchTests.swift */ = {isa = PBXFileReference; lastKnownFileType = sourcecode.swift; path = Puzzle_BuddyUITestsLaunchTests.swift; sourceTree = "<group>"; };
		0B660E47288C4F1000696180 /* PuzzleObject.swift */ = {isa = PBXFileReference; lastKnownFileType = sourcecode.swift; path = PuzzleObject.swift; sourceTree = "<group>"; };
		0B660E49288C4F2B00696180 /* PuzzleForm.swift */ = {isa = PBXFileReference; lastKnownFileType = sourcecode.swift; path = PuzzleForm.swift; sourceTree = "<group>"; };
		0B660E4B288C4F6700696180 /* PuzzleList.swift */ = {isa = PBXFileReference; lastKnownFileType = sourcecode.swift; path = PuzzleList.swift; sourceTree = "<group>"; };
/* End PBXFileReference section */

/* Begin PBXFrameworksBuildPhase section */
		0B0CD5E0287E650200774CDB /* Frameworks */ = {
			isa = PBXFrameworksBuildPhase;
			buildActionMask = 2147483647;
			files = (
			);
			runOnlyForDeploymentPostprocessing = 0;
		};
		0B0CD5F0287E650400774CDB /* Frameworks */ = {
			isa = PBXFrameworksBuildPhase;
			buildActionMask = 2147483647;
			files = (
			);
			runOnlyForDeploymentPostprocessing = 0;
		};
		0B0CD5FA287E650400774CDB /* Frameworks */ = {
			isa = PBXFrameworksBuildPhase;
			buildActionMask = 2147483647;
			files = (
			);
			runOnlyForDeploymentPostprocessing = 0;
		};
/* End PBXFrameworksBuildPhase section */

/* Begin PBXGroup section */
		0B0CD5DA287E650200774CDB = {
			isa = PBXGroup;
			children = (
				0B0CD5E5287E650200774CDB /* Puzzle Buddy */,
				0B0CD5F6287E650400774CDB /* Puzzle BuddyTests */,
				0B0CD600287E650400774CDB /* Puzzle BuddyUITests */,
				0B0CD5E4287E650200774CDB /* Products */,
			);
			sourceTree = "<group>";
		};
		0B0CD5E4287E650200774CDB /* Products */ = {
			isa = PBXGroup;
			children = (
				0B0CD5E3287E650200774CDB /* Puzzle Buddy.app */,
				0B0CD5F3287E650400774CDB /* Puzzle BuddyTests.xctest */,
				0B0CD5FD287E650400774CDB /* Puzzle BuddyUITests.xctest */,
			);
			name = Products;
			sourceTree = "<group>";
		};
		0B0CD5E5287E650200774CDB /* Puzzle Buddy */ = {
			isa = PBXGroup;
			children = (
				0B0CD5EA287E650400774CDB /* Assets.xcassets */,
				0B0CD5E8287E650200774CDB /* ContentView.swift */,
				0B0CD5EC287E650400774CDB /* Preview Content */,
				0B0CD5E6287E650200774CDB /* Puzzle_BuddyApp.swift */,
				0B660E49288C4F2B00696180 /* PuzzleForm.swift */,
				0B660E4B288C4F6700696180 /* PuzzleList.swift */,
				0B660E47288C4F1000696180 /* PuzzleObject.swift */,
			);
			path = "Puzzle Buddy";
			sourceTree = "<group>";
		};
		0B0CD5EC287E650400774CDB /* Preview Content */ = {
			isa = PBXGroup;
			children = (
				0B0CD5ED287E650400774CDB /* Preview Assets.xcassets */,
			);
			path = "Preview Content";
			sourceTree = "<group>";
		};
		0B0CD5F6287E650400774CDB /* Puzzle BuddyTests */ = {
			isa = PBXGroup;
			children = (
				0B0CD5F7287E650400774CDB /* Puzzle_BuddyTests.swift */,
			);
			path = "Puzzle BuddyTests";
			sourceTree = "<group>";
		};
		0B0CD600287E650400774CDB /* Puzzle BuddyUITests */ = {
			isa = PBXGroup;
			children = (
				0B0CD601287E650400774CDB /* Puzzle_BuddyUITests.swift */,
				0B0CD603287E650400774CDB /* Puzzle_BuddyUITestsLaunchTests.swift */,
			);
			path = "Puzzle BuddyUITests";
			sourceTree = "<group>";
		};
/* End PBXGroup section */

/* Begin PBXNativeTarget section */
		0B0CD5E2287E650200774CDB /* Puzzle Buddy */ = {
			isa = PBXNativeTarget;
			buildConfigurationList = 0B0CD607287E650400774CDB /* Build configuration list for PBXNativeTarget "Puzzle Buddy" */;
			buildPhases = (
				0B0CD5DF287E650200774CDB /* Sources */,
				0B0CD5E0287E650200774CDB /* Frameworks */,
				0B0CD5E1287E650200774CDB /* Resources */,
			);
			buildRules = (
			);
			dependencies = (
			);
			name = "Puzzle Buddy";
			productName = "Puzzle Buddy";
			productReference = 0B0CD5E3287E650200774CDB /* Puzzle Buddy.app */;
			productType = "com.apple.product-type.application";
		};
		0B0CD5F2287E650400774CDB /* Puzzle BuddyTests */ = {
			isa = PBXNativeTarget;
			buildConfigurationList = 0B0CD60A287E650400774CDB /* Build configuration list for PBXNativeTarget "Puzzle BuddyTests" */;
			buildPhases = (
				0B0CD5EF287E650400774CDB /* Sources */,
				0B0CD5F0287E650400774CDB /* Frameworks */,
				0B0CD5F1287E650400774CDB /* Resources */,
			);
			buildRules = (
			);
			dependencies = (
				0B0CD5F5287E650400774CDB /* PBXTargetDependency */,
			);
			name = "Puzzle BuddyTests";
			productName = "Puzzle BuddyTests";
			productReference = 0B0CD5F3287E650400774CDB /* Puzzle BuddyTests.xctest */;
			productType = "com.apple.product-type.bundle.unit-test";
		};
		0B0CD5FC287E650400774CDB /* Puzzle BuddyUITests */ = {
			isa = PBXNativeTarget;
			buildConfigurationList = 0B0CD60D287E650400774CDB /* Build configuration list for PBXNativeTarget "Puzzle BuddyUITests" */;
			buildPhases = (
				0B0CD5F9287E650400774CDB /* Sources */,
				0B0CD5FA287E650400774CDB /* Frameworks */,
				0B0CD5FB287E650400774CDB /* Resources */,
			);
			buildRules = (
			);
			dependencies = (
				0B0CD5FF287E650400774CDB /* PBXTargetDependency */,
			);
			name = "Puzzle BuddyUITests";
			productName = "Puzzle BuddyUITests";
			productReference = 0B0CD5FD287E650400774CDB /* Puzzle BuddyUITests.xctest */;
			productType = "com.apple.product-type.bundle.ui-testing";
		};
/* End PBXNativeTarget section */

/* Begin PBXProject section */
		0B0CD5DB287E650200774CDB /* Project object */ = {
			isa = PBXProject;
			attributes = {
				BuildIndependentTargetsInParallel = 1;
				LastSwiftUpdateCheck = 1340;
				LastUpgradeCheck = 1340;
				TargetAttributes = {
					0B0CD5E2287E650200774CDB = {
						CreatedOnToolsVersion = 13.4;
					};
					0B0CD5F2287E650400774CDB = {
						CreatedOnToolsVersion = 13.4;
						TestTargetID = 0B0CD5E2287E650200774CDB;
					};
					0B0CD5FC287E650400774CDB = {
						CreatedOnToolsVersion = 13.4;
						TestTargetID = 0B0CD5E2287E650200774CDB;
					};
				};
			};
			buildConfigurationList = 0B0CD5DE287E650200774CDB /* Build configuration list for PBXProject "Puzzle Buddy" */;
			compatibilityVersion = "Xcode 13.0";
			developmentRegion = en;
			hasScannedForEncodings = 0;
			knownRegions = (
				en,
				Base,
			);
			mainGroup = 0B0CD5DA287E650200774CDB;
			productRefGroup = 0B0CD5E4287E650200774CDB /* Products */;
			projectDirPath = "";
			projectRoot = "";
			targets = (
				0B0CD5E2287E650200774CDB /* Puzzle Buddy */,
				0B0CD5F2287E650400774CDB /* Puzzle BuddyTests */,
				0B0CD5FC287E650400774CDB /* Puzzle BuddyUITests */,
			);
		};
/* End PBXProject section */

/* Begin PBXResourcesBuildPhase section */
		0B0CD5E1287E650200774CDB /* Resources */ = {
			isa = PBXResourcesBuildPhase;
			buildActionMask = 2147483647;
			files = (
				0B0CD5EE287E650400774CDB /* Preview Assets.xcassets in Resources */,
				0B0CD5EB287E650400774CDB /* Assets.xcassets in Resources */,
			);
			runOnlyForDeploymentPostprocessing = 0;
		};
		0B0CD5F1287E650400774CDB /* Resources */ = {
			isa = PBXResourcesBuildPhase;
			buildActionMask = 2147483647;
			files = (
			);
			runOnlyForDeploymentPostprocessing = 0;
		};
		0B0CD5FB287E650400774CDB /* Resources */ = {
			isa = PBXResourcesBuildPhase;
			buildActionMask = 2147483647;
			files = (
			);
			runOnlyForDeploymentPostprocessing = 0;
		};
/* End PBXResourcesBuildPhase section */

/* Begin PBXSourcesBuildPhase section */
		0B0CD5DF287E650200774CDB /* Sources */ = {
			isa = PBXSourcesBuildPhase;
			buildActionMask = 2147483647;
			files = (
				0B0CD5E9287E650200774CDB /* ContentView.swift in Sources */,
				0B660E4A288C4F2B00696180 /* PuzzleForm.swift in Sources */,
				0B0CD5E7287E650200774CDB /* Puzzle_BuddyApp.swift in Sources */,
				0B660E4C288C4F6700696180 /* PuzzleList.swift in Sources */,
				0B660E48288C4F1000696180 /* PuzzleObject.swift in Sources */,
			);
			runOnlyForDeploymentPostprocessing = 0;
		};
		0B0CD5EF287E650400774CDB /* Sources */ = {
			isa = PBXSourcesBuildPhase;
			buildActionMask = 2147483647;
			files = (
				0B0CD5F8287E650400774CDB /* Puzzle_BuddyTests.swift in Sources */,
			);
			runOnlyForDeploymentPostprocessing = 0;
		};
		0B0CD5F9287E650400774CDB /* Sources */ = {
			isa = PBXSourcesBuildPhase;
			buildActionMask = 2147483647;
			files = (
				0B0CD602287E650400774CDB /* Puzzle_BuddyUITests.swift in Sources */,
				0B0CD604287E650400774CDB /* Puzzle_BuddyUITestsLaunchTests.swift in Sources */,
			);
			runOnlyForDeploymentPostprocessing = 0;
		};
/* End PBXSourcesBuildPhase section */

/* Begin PBXTargetDependency section */
		0B0CD5F5287E650400774CDB /* PBXTargetDependency */ = {
			isa = PBXTargetDependency;
			target = 0B0CD5E2287E650200774CDB /* Puzzle Buddy */;
			targetProxy = 0B0CD5F4287E650400774CDB /* PBXContainerItemProxy */;
		};
		0B0CD5FF287E650400774CDB /* PBXTargetDependency */ = {
			isa = PBXTargetDependency;
			target = 0B0CD5E2287E650200774CDB /* Puzzle Buddy */;
			targetProxy = 0B0CD5FE287E650400774CDB /* PBXContainerItemProxy */;
		};
/* End PBXTargetDependency section */

/* Begin XCBuildConfiguration section */
		0B0CD605287E650400774CDB /* Debug */ = {
			isa = XCBuildConfiguration;
			buildSettings = {
				ALWAYS_SEARCH_USER_PATHS = NO;
				CLANG_ANALYZER_NONNULL = YES;
				CLANG_ANALYZER_NUMBER_OBJECT_CONVERSION = YES_AGGRESSIVE;
				CLANG_CXX_LANGUAGE_STANDARD = "gnu++17";
				CLANG_ENABLE_MODULES = YES;
				CLANG_ENABLE_OBJC_ARC = YES;
				CLANG_ENABLE_OBJC_WEAK = YES;
				CLANG_WARN_BLOCK_CAPTURE_AUTORELEASING = YES;
				CLANG_WARN_BOOL_CONVERSION = YES;
				CLANG_WARN_COMMA = YES;
				CLANG_WARN_CONSTANT_CONVERSION = YES;
				CLANG_WARN_DEPRECATED_OBJC_IMPLEMENTATIONS = YES;
				CLANG_WARN_DIRECT_OBJC_ISA_USAGE = YES_ERROR;
				CLANG_WARN_DOCUMENTATION_COMMENTS = YES;
				CLANG_WARN_EMPTY_BODY = YES;
				CLANG_WARN_ENUM_CONVERSION = YES;
				CLANG_WARN_INFINITE_RECURSION = YES;
				CLANG_WARN_INT_CONVERSION = YES;
				CLANG_WARN_NON_LITERAL_NULL_CONVERSION = YES;
				CLANG_WARN_OBJC_IMPLICIT_RETAIN_SELF = YES;
				CLANG_WARN_OBJC_LITERAL_CONVERSION = YES;
				CLANG_WARN_OBJC_ROOT_CLASS = YES_ERROR;
				CLANG_WARN_QUOTED_INCLUDE_IN_FRAMEWORK_HEADER = YES;
				CLANG_WARN_RANGE_LOOP_ANALYSIS = YES;
				CLANG_WARN_STRICT_PROTOTYPES = YES;
				CLANG_WARN_SUSPICIOUS_MOVE = YES;
				CLANG_WARN_UNGUARDED_AVAILABILITY = YES_AGGRESSIVE;
				CLANG_WARN_UNREACHABLE_CODE = YES;
				CLANG_WARN__DUPLICATE_METHOD_MATCH = YES;
				COPY_PHASE_STRIP = NO;
				DEBUG_INFORMATION_FORMAT = dwarf;
				ENABLE_STRICT_OBJC_MSGSEND = YES;
				ENABLE_TESTABILITY = YES;
				GCC_C_LANGUAGE_STANDARD = gnu11;
				GCC_DYNAMIC_NO_PIC = NO;
				GCC_NO_COMMON_BLOCKS = YES;
				GCC_OPTIMIZATION_LEVEL = 0;
				GCC_PREPROCESSOR_DEFINITIONS = (
					"DEBUG=1",
					"$(inherited)",
				);
				GCC_WARN_64_TO_32_BIT_CONVERSION = YES;
				GCC_WARN_ABOUT_RETURN_TYPE = YES_ERROR;
				GCC_WARN_UNDECLARED_SELECTOR = YES;
				GCC_WARN_UNINITIALIZED_AUTOS = YES_AGGRESSIVE;
				GCC_WARN_UNUSED_FUNCTION = YES;
				GCC_WARN_UNUSED_VARIABLE = YES;
				IPHONEOS_DEPLOYMENT_TARGET = 15.5;
				MTL_ENABLE_DEBUG_INFO = INCLUDE_SOURCE;
				MTL_FAST_MATH = YES;
				ONLY_ACTIVE_ARCH = YES;
				SDKROOT = iphoneos;
				SWIFT_ACTIVE_COMPILATION_CONDITIONS = DEBUG;
				SWIFT_OPTIMIZATION_LEVEL = "-Onone";
			};
			name = Debug;
		};
		0B0CD606287E650400774CDB /* Release */ = {
			isa = XCBuildConfiguration;
			buildSettings = {
				ALWAYS_SEARCH_USER_PATHS = NO;
				CLANG_ANALYZER_NONNULL = YES;
				CLANG_ANALYZER_NUMBER_OBJECT_CONVERSION = YES_AGGRESSIVE;
				CLANG_CXX_LANGUAGE_STANDARD = "gnu++17";
				CLANG_ENABLE_MODULES = YES;
				CLANG_ENABLE_OBJC_ARC = YES;
				CLANG_ENABLE_OBJC_WEAK = YES;
				CLANG_WARN_BLOCK_CAPTURE_AUTORELEASING = YES;
				CLANG_WARN_BOOL_CONVERSION = YES;
				CLANG_WARN_COMMA = YES;
				CLANG_WARN_CONSTANT_CONVERSION = YES;
				CLANG_WARN_DEPRECATED_OBJC_IMPLEMENTATIONS = YES;
				CLANG_WARN_DIRECT_OBJC_ISA_USAGE = YES_ERROR;
				CLANG_WARN_DOCUMENTATION_COMMENTS = YES;
				CLANG_WARN_EMPTY_BODY = YES;
				CLANG_WARN_ENUM_CONVERSION = YES;
				CLANG_WARN_INFINITE_RECURSION = YES;
				CLANG_WARN_INT_CONVERSION = YES;
				CLANG_WARN_NON_LITERAL_NULL_CONVERSION = YES;
				CLANG_WARN_OBJC_IMPLICIT_RETAIN_SELF = YES;
				CLANG_WARN_OBJC_LITERAL_CONVERSION = YES;
				CLANG_WARN_OBJC_ROOT_CLASS = YES_ERROR;
				CLANG_WARN_QUOTED_INCLUDE_IN_FRAMEWORK_HEADER = YES;
				CLANG_WARN_RANGE_LOOP_ANALYSIS = YES;
				CLANG_WARN_STRICT_PROTOTYPES = YES;
				CLANG_WARN_SUSPICIOUS_MOVE = YES;
				CLANG_WARN_UNGUARDED_AVAILABILITY = YES_AGGRESSIVE;
				CLANG_WARN_UNREACHABLE_CODE = YES;
				CLANG_WARN__DUPLICATE_METHOD_MATCH = YES;
				COPY_PHASE_STRIP = NO;
				DEBUG_INFORMATION_FORMAT = "dwarf-with-dsym";
				ENABLE_NS_ASSERTIONS = NO;
				ENABLE_STRICT_OBJC_MSGSEND = YES;
				GCC_C_LANGUAGE_STANDARD = gnu11;
				GCC_NO_COMMON_BLOCKS = YES;
				GCC_WARN_64_TO_32_BIT_CONVERSION = YES;
				GCC_WARN_ABOUT_RETURN_TYPE = YES_ERROR;
				GCC_WARN_UNDECLARED_SELECTOR = YES;
				GCC_WARN_UNINITIALIZED_AUTOS = YES_AGGRESSIVE;
				GCC_WARN_UNUSED_FUNCTION = YES;
				GCC_WARN_UNUSED_VARIABLE = YES;
				IPHONEOS_DEPLOYMENT_TARGET = 15.5;
				MTL_ENABLE_DEBUG_INFO = NO;
				MTL_FAST_MATH = YES;
				SDKROOT = iphoneos;
				SWIFT_COMPILATION_MODE = wholemodule;
				SWIFT_OPTIMIZATION_LEVEL = "-O";
				VALIDATE_PRODUCT = YES;
			};
			name = Release;
		};
		0B0CD608287E650400774CDB /* Debug */ = {
			isa = XCBuildConfiguration;
			buildSettings = {
				ASSETCATALOG_COMPILER_APPICON_NAME = AppIcon;
				ASSETCATALOG_COMPILER_GLOBAL_ACCENT_COLOR_NAME = AccentColor;
				CODE_SIGN_STYLE = Automatic;
				CURRENT_PROJECT_VERSION = 1;
				DEVELOPMENT_ASSET_PATHS = "\"Puzzle Buddy/Preview Content\"";
				DEVELOPMENT_TEAM = 7JT2JB89AV;
				ENABLE_PREVIEWS = YES;
				GENERATE_INFOPLIST_FILE = YES;
				INFOPLIST_KEY_UIApplicationSceneManifest_Generation = YES;
				INFOPLIST_KEY_UIApplicationSupportsIndirectInputEvents = YES;
				INFOPLIST_KEY_UILaunchScreen_Generation = YES;
				INFOPLIST_KEY_UISupportedInterfaceOrientations_iPad = "UIInterfaceOrientationPortrait UIInterfaceOrientationPortraitUpsideDown UIInterfaceOrientationLandscapeLeft UIInterfaceOrientationLandscapeRight";
				INFOPLIST_KEY_UISupportedInterfaceOrientations_iPhone = "UIInterfaceOrientationPortrait UIInterfaceOrientationLandscapeLeft UIInterfaceOrientationLandscapeRight";
				IPHONEOS_DEPLOYMENT_TARGET = 15.0;
				LD_RUNPATH_SEARCH_PATHS = (
					"$(inherited)",
					"@executable_path/Frameworks",
				);
				MARKETING_VERSION = 1.0;
				PRODUCT_BUNDLE_IDENTIFIER = "com.jacobrozell.Puzzle-Buddy";
				PRODUCT_NAME = "$(TARGET_NAME)";
				SWIFT_EMIT_LOC_STRINGS = YES;
				SWIFT_VERSION = 5.0;
				TARGETED_DEVICE_FAMILY = "1,2";
			};
			name = Debug;
		};
		0B0CD609287E650400774CDB /* Release */ = {
			isa = XCBuildConfiguration;
			buildSettings = {
				ASSETCATALOG_COMPILER_APPICON_NAME = AppIcon;
				ASSETCATALOG_COMPILER_GLOBAL_ACCENT_COLOR_NAME = AccentColor;
				CODE_SIGN_STYLE = Automatic;
				CURRENT_PROJECT_VERSION = 1;
				DEVELOPMENT_ASSET_PATHS = "\"Puzzle Buddy/Preview Content\"";
				DEVELOPMENT_TEAM = 7JT2JB89AV;
				ENABLE_PREVIEWS = YES;
				GENERATE_INFOPLIST_FILE = YES;
				INFOPLIST_KEY_UIApplicationSceneManifest_Generation = YES;
				INFOPLIST_KEY_UIApplicationSupportsIndirectInputEvents = YES;
				INFOPLIST_KEY_UILaunchScreen_Generation = YES;
				INFOPLIST_KEY_UISupportedInterfaceOrientations_iPad = "UIInterfaceOrientationPortrait UIInterfaceOrientationPortraitUpsideDown UIInterfaceOrientationLandscapeLeft UIInterfaceOrientationLandscapeRight";
				INFOPLIST_KEY_UISupportedInterfaceOrientations_iPhone = "UIInterfaceOrientationPortrait UIInterfaceOrientationLandscapeLeft UIInterfaceOrientationLandscapeRight";
				IPHONEOS_DEPLOYMENT_TARGET = 15.0;
				LD_RUNPATH_SEARCH_PATHS = (
					"$(inherited)",
					"@executable_path/Frameworks",
				);
				MARKETING_VERSION = 1.0;
				PRODUCT_BUNDLE_IDENTIFIER = "com.jacobrozell.Puzzle-Buddy";
				PRODUCT_NAME = "$(TARGET_NAME)";
				SWIFT_EMIT_LOC_STRINGS = YES;
				SWIFT_VERSION = 5.0;
				TARGETED_DEVICE_FAMILY = "1,2";
			};
			name = Release;
		};
		0B0CD60B287E650400774CDB /* Debug */ = {
			isa = XCBuildConfiguration;
			buildSettings = {
				ALWAYS_EMBED_SWIFT_STANDARD_LIBRARIES = YES;
				BUNDLE_LOADER = "$(TEST_HOST)";
				CODE_SIGN_STYLE = Automatic;
				CURRENT_PROJECT_VERSION = 1;
				DEVELOPMENT_TEAM = 7JT2JB89AV;
				GENERATE_INFOPLIST_FILE = YES;
				IPHONEOS_DEPLOYMENT_TARGET = 15.5;
				MARKETING_VERSION = 1.0;
				PRODUCT_BUNDLE_IDENTIFIER = "com.jacobrozell.Puzzle-BuddyTests";
				PRODUCT_NAME = "$(TARGET_NAME)";
				SWIFT_EMIT_LOC_STRINGS = NO;
				SWIFT_VERSION = 5.0;
				TARGETED_DEVICE_FAMILY = "1,2";
				TEST_HOST = "$(BUILT_PRODUCTS_DIR)/Puzzle Buddy.app/Puzzle Buddy";
			};
			name = Debug;
		};
		0B0CD60C287E650400774CDB /* Release */ = {
			isa = XCBuildConfiguration;
			buildSettings = {
				ALWAYS_EMBED_SWIFT_STANDARD_LIBRARIES = YES;
				BUNDLE_LOADER = "$(TEST_HOST)";
				CODE_SIGN_STYLE = Automatic;
				CURRENT_PROJECT_VERSION = 1;
				DEVELOPMENT_TEAM = 7JT2JB89AV;
				GENERATE_INFOPLIST_FILE = YES;
				IPHONEOS_DEPLOYMENT_TARGET = 15.5;
				MARKETING_VERSION = 1.0;
				PRODUCT_BUNDLE_IDENTIFIER = "com.jacobrozell.Puzzle-BuddyTests";
				PRODUCT_NAME = "$(TARGET_NAME)";
				SWIFT_EMIT_LOC_STRINGS = NO;
				SWIFT_VERSION = 5.0;
				TARGETED_DEVICE_FAMILY = "1,2";
				TEST_HOST = "$(BUILT_PRODUCTS_DIR)/Puzzle Buddy.app/Puzzle Buddy";
			};
			name = Release;
		};
		0B0CD60E287E650400774CDB /* Debug */ = {
			isa = XCBuildConfiguration;
			buildSettings = {
				ALWAYS_EMBED_SWIFT_STANDARD_LIBRARIES = YES;
				CODE_SIGN_STYLE = Automatic;
				CURRENT_PROJECT_VERSION = 1;
				DEVELOPMENT_TEAM = 7JT2JB89AV;
				GENERATE_INFOPLIST_FILE = YES;
				MARKETING_VERSION = 1.0;
				PRODUCT_BUNDLE_IDENTIFIER = "com.jacobrozell.Puzzle-BuddyUITests";
				PRODUCT_NAME = "$(TARGET_NAME)";
				SWIFT_EMIT_LOC_STRINGS = NO;
				SWIFT_VERSION = 5.0;
				TARGETED_DEVICE_FAMILY = "1,2";
				TEST_TARGET_NAME = "Puzzle Buddy";
			};
			name = Debug;
		};
		0B0CD60F287E650400774CDB /* Release */ = {
			isa = XCBuildConfiguration;
			buildSettings = {
				ALWAYS_EMBED_SWIFT_STANDARD_LIBRARIES = YES;
				CODE_SIGN_STYLE = Automatic;
				CURRENT_PROJECT_VERSION = 1;
				DEVELOPMENT_TEAM = 7JT2JB89AV;
				GENERATE_INFOPLIST_FILE = YES;
				MARKETING_VERSION = 1.0;
				PRODUCT_BUNDLE_IDENTIFIER = "com.jacobrozell.Puzzle-BuddyUITests";
				PRODUCT_NAME = "$(TARGET_NAME)";
				SWIFT_EMIT_LOC_STRINGS = NO;
				SWIFT_VERSION = 5.0;
				TARGETED_DEVICE_FAMILY = "1,2";
				TEST_TARGET_NAME = "Puzzle Buddy";
			};
			name = Release;
		};
/* End XCBuildConfiguration section */

/* Begin XCConfigurationList section */
		0B0CD5DE287E650200774CDB /* Build configuration list for PBXProject "Puzzle Buddy" */ = {
			isa = XCConfigurationList;
			buildConfigurations = (
				0B0CD605287E650400774CDB /* Debug */,
				0B0CD606287E650400774CDB /* Release */,
			);
			defaultConfigurationIsVisible = 0;
			defaultConfigurationName = Release;
		};
		0B0CD607287E650400774CDB /* Build configuration list for PBXNativeTarget "Puzzle Buddy" */ = {
			isa = XCConfigurationList;
			buildConfigurations = (
				0B0CD608287E650400774CDB /* Debug */,
				0B0CD609287E650400774CDB /* Release */,
			);
			defaultConfigurationIsVisible = 0;
			defaultConfigurationName = Release;
		};
		0B0CD60A287E650400774CDB /* Build configuration list for PBXNativeTarget "Puzzle BuddyTests" */ = {
			isa = XCConfigurationList;
			buildConfigurations = (
				0B0CD60B287E650400774CDB /* Debug */,
				0B0CD60C287E650400774CDB /* Release */,
			);
			defaultConfigurationIsVisible = 0;
			defaultConfigurationName = Release;
		};
		0B0CD60D287E650400774CDB /* Build configuration list for PBXNativeTarget "Puzzle BuddyUITests" */ = {
			isa = XCConfigurationList;
			buildConfigurations = (
				0B0CD60E287E650400774CDB /* Debug */,
				0B0CD60F287E650400774CDB /* Release */,
			);
			defaultConfigurationIsVisible = 0;
			defaultConfigurationName = Release;
		};
/* End XCConfigurationList section */
	};
	rootObject = 0B0CD5DB287E650200774CDB /* Project object */;
}
