// !$*UTF8*$!
{
	archiveVersion = 1;
	classes = {
	};
	objectVersion = 55;
	objects = {

/* Begin PBXBuildFile section */
		0B0CD5E7287E650200774CDB /* Puzzle_BuddyApp.swift in Sources */ = {isa = PBXBuildFile; fileRef = 0B0CD5E6287E650200774CDB /* Puzzle_BuddyApp.swift */; };
		0B0CD5E9287E650200774CDB /* PuzzleView.swift in Sources */ = {isa = PBXBuildFile; fileRef = 0B0CD5E8287E650200774CDB /* PuzzleView.swift */; };
		0B0CD5EB287E650400774CDB /* Assets.xcassets in Resources */ = {isa = PBXBuildFile; fileRef = 0B0CD5EA287E650400774CDB /* Assets.xcassets */; };
		0B0CD5F8287E650400774CDB /* Puzzle_BuddyTests.swift in Sources */ = {isa = PBXBuildFile; fileRef = 0B0CD5F7287E650400774CDB /* Puzzle_BuddyTests.swift */; };
		0B0CD602287E650400774CDB /* Puzzle_BuddyUITests.swift in Sources */ = {isa = PBXBuildFile; fileRef = 0B0CD601287E650400774CDB /* Puzzle_BuddyUITests.swift */; };
		0B0CD604287E650400774CDB /* Puzzle_BuddyUITestsLaunchTests.swift in Sources */ = {isa = PBXBuildFile; fileRef = 0B0CD603287E650400774CDB /* Puzzle_BuddyUITestsLaunchTests.swift */; };
		0B523F0828BFD2D000A75BA7 /* GoogleService-Info.plist in Resources */ = {isa = PBXBuildFile; fileRef = 0B523F0728BFD2D000A75BA7 /* GoogleService-Info.plist */; };
		0B523F0928BFD2D000A75BA7 /* GoogleService-Info.plist in Resources */ = {isa = PBXBuildFile; fileRef = 0B523F0728BFD2D000A75BA7 /* GoogleService-Info.plist */; };
		0B523F0A28BFD2D000A75BA7 /* GoogleService-Info.plist in Resources */ = {isa = PBXBuildFile; fileRef = 0B523F0728BFD2D000A75BA7 /* GoogleService-Info.plist */; };
		0B5B345628CEB45200E2CD30 /* ImagePicker.swift in Sources */ = {isa = PBXBuildFile; fileRef = 0B5B345528CEB45200E2CD30 /* ImagePicker.swift */; };
		0B5B345928CFA2E400E2CD30 /* FirebaseAnalytics in Frameworks */ = {isa = PBXBuildFile; productRef = 0B5B345828CFA2E400E2CD30 /* FirebaseAnalytics */; };
		0B5B345B28CFA2E400E2CD30 /* FirebaseAuth in Frameworks */ = {isa = PBXBuildFile; productRef = 0B5B345A28CFA2E400E2CD30 /* FirebaseAuth */; };
		0B5B345D28CFA2E400E2CD30 /* FirebaseFirestore in Frameworks */ = {isa = PBXBuildFile; productRef = 0B5B345C28CFA2E400E2CD30 /* FirebaseFirestore */; };
		0B5B345F28CFA2E400E2CD30 /* FirebaseMessaging in Frameworks */ = {isa = PBXBuildFile; productRef = 0B5B345E28CFA2E400E2CD30 /* FirebaseMessaging */; };
		0B660E48288C4F1000696180 /* PuzzleObject.swift in Sources */ = {isa = PBXBuildFile; fileRef = 0B660E47288C4F1000696180 /* PuzzleObject.swift */; };
		0B660E4A288C4F2B00696180 /* PuzzleForm.swift in Sources */ = {isa = PBXBuildFile; fileRef = 0B660E49288C4F2B00696180 /* PuzzleForm.swift */; };
		0B660E4C288C4F6700696180 /* PuzzleList.swift in Sources */ = {isa = PBXBuildFile; fileRef = 0B660E4B288C4F6700696180 /* PuzzleList.swift */; };
		0B85808728C0032D00CE3B91 /* PuzzleCell.swift in Sources */ = {isa = PBXBuildFile; fileRef = 0B85808628C0032D00CE3B91 /* PuzzleCell.swift */; };
		0B85808928C0049300CE3B91 /* SettingsView.swift in Sources */ = {isa = PBXBuildFile; fileRef = 0B85808828C0049300CE3B91 /* SettingsView.swift */; };
		0B85808B28C004E800CE3B91 /* PuzzleTabbar.swift in Sources */ = {isa = PBXBuildFile; fileRef = 0B85808A28C004E800CE3B91 /* PuzzleTabbar.swift */; };
		0B85808D28C005DD00CE3B91 /* CreateAccount.swift in Sources */ = {isa = PBXBuildFile; fileRef = 0B85808C28C005DD00CE3B91 /* CreateAccount.swift */; };
		0B85809428C0082300CE3B91 /* RatingsView.swift in Sources */ = {isa = PBXBuildFile; fileRef = 0B85809328C0082300CE3B91 /* RatingsView.swift */; };
		0B85809528C0082300CE3B91 /* RatingsView.swift in Sources */ = {isa = PBXBuildFile; fileRef = 0B85809328C0082300CE3B91 /* RatingsView.swift */; };
		0B85809628C0082300CE3B91 /* RatingsView.swift in Sources */ = {isa = PBXBuildFile; fileRef = 0B85809328C0082300CE3B91 /* RatingsView.swift */; };
		0B85809828C0086700CE3B91 /* DifficultyView.swift in Sources */ = {isa = PBXBuildFile; fileRef = 0B85809728C0086700CE3B91 /* DifficultyView.swift */; };
		0B85809928C0086700CE3B91 /* DifficultyView.swift in Sources */ = {isa = PBXBuildFile; fileRef = 0B85809728C0086700CE3B91 /* DifficultyView.swift */; };
		0B85809A28C0086700CE3B91 /* DifficultyView.swift in Sources */ = {isa = PBXBuildFile; fileRef = 0B85809728C0086700CE3B91 /* DifficultyView.swift */; };
		0BA2D53728BE650000132868 /* AppDelegate.swift in Sources */ = {isa = PBXBuildFile; fileRef = 0BA2D53628BE650000132868 /* AppDelegate.swift */; };
		0BA2D53828BE650000132868 /* AppDelegate.swift in Sources */ = {isa = PBXBuildFile; fileRef = 0BA2D53628BE650000132868 /* AppDelegate.swift */; };
		0BA2D53928BE650000132868 /* AppDelegate.swift in Sources */ = {isa = PBXBuildFile; fileRef = 0BA2D53628BE650000132868 /* AppDelegate.swift */; };
		0BA2D54828BE718D00132868 /* LoginView.swift in Sources */ = {isa = PBXBuildFile; fileRef = 0BA2D54228BE718C00132868 /* LoginView.swift */; };
		0BA2D54928BE718D00132868 /* FirebaseAuthProvider.swift in Sources */ = {isa = PBXBuildFile; fileRef = 0BA2D54328BE718C00132868 /* FirebaseAuthProvider.swift */; };
		0BA2D54D28BE718D00132868 /* ForgotPasswordView.swift in Sources */ = {isa = PBXBuildFile; fileRef = 0BA2D54728BE718C00132868 /* ForgotPasswordView.swift */; };
		0BA2D54F28BE71F100132868 /* ErrorHandling.swift in Sources */ = {isa = PBXBuildFile; fileRef = 0BA2D54E28BE71F100132868 /* ErrorHandling.swift */; };
		0BA2D55228BE720500132868 /* SecureInputView.swift in Sources */ = {isa = PBXBuildFile; fileRef = 0BA2D55028BE720500132868 /* SecureInputView.swift */; };
		0BA2D55728BE76C500132868 /* PuzzleStore.swift in Sources */ = {isa = PBXBuildFile; fileRef = 0BA2D55628BE76C500132868 /* PuzzleStore.swift */; };
		0BC4AC8F290A557500C56BB7 /* Lottie in Frameworks */ = {isa = PBXBuildFile; productRef = 0BC4AC8E290A557500C56BB7 /* Lottie */; };
		0BC4AC91290A55C100C56BB7 /* LottieView.swift in Sources */ = {isa = PBXBuildFile; fileRef = 0BC4AC90290A55C100C56BB7 /* LottieView.swift */; };
		0BC4AC93290A571000C56BB7 /* login.json in Resources */ = {isa = PBXBuildFile; fileRef = 0BC4AC92290A571000C56BB7 /* login.json */; };
		0BC4AC95290B06C100C56BB7 /* profile.json in Resources */ = {isa = PBXBuildFile; fileRef = 0BC4AC94290B06C000C56BB7 /* profile.json */; };
		0BC4AC97290B0D2000C56BB7 /* photo.json in Resources */ = {isa = PBXBuildFile; fileRef = 0BC4AC96290B0D2000C56BB7 /* photo.json */; };
		0BC4AC99290B0F5100C56BB7 /* puzzle.json in Resources */ = {isa = PBXBuildFile; fileRef = 0BC4AC98290B0F5100C56BB7 /* puzzle.json */; };
		0BE5C08128BFC145001CD479 /* PuzzleDetail.swift in Sources */ = {isa = PBXBuildFile; fileRef = 0BE5C08028BFC145001CD479 /* PuzzleDetail.swift */; };
/* End PBXBuildFile section */

/* Begin PBXContainerItemProxy section */
		0B0CD5F4287E650400774CDB /* PBXContainerItemProxy */ = {
			isa = PBXContainerItemProxy;
			containerPortal = 0B0CD5DB287E650200774CDB /* Project object */;
			proxyType = 1;
			remoteGlobalIDString = 0B0CD5E2287E650200774CDB;
			remoteInfo = "Puzzle Buddy";
		};
		0B0CD5FE287E650400774CDB /* PBXContainerItemProxy */ = {
			isa = PBXContainerItemProxy;
			containerPortal = 0B0CD5DB287E650200774CDB /* Project object */;
			proxyType = 1;
			remoteGlobalIDString = 0B0CD5E2287E650200774CDB;
			remoteInfo = "Puzzle Buddy";
		};
/* End PBXContainerItemProxy section */

/* Begin PBXCopyFilesBuildPhase section */
		0B4A99D72A01886700AA2EE3 /* Embed Foundation Extensions */ = {
			isa = PBXCopyFilesBuildPhase;
			buildActionMask = 2147483647;
			dstPath = "";
			dstSubfolderSpec = 13;
			files = (
			);
			name = "Embed Foundation Extensions";
			runOnlyForDeploymentPostprocessing = 0;
		};
/* End PBXCopyFilesBuildPhase section */

/* Begin PBXFileReference section */
		0B0CD5E6287E650200774CDB /* Puzzle_BuddyApp.swift */ = {isa = PBXFileReference; lastKnownFileType = sourcecode.swift; path = Puzzle_BuddyApp.swift; sourceTree = "<group>"; };
		0B0CD5E8287E650200774CDB /* PuzzleView.swift */ = {isa = PBXFileReference; lastKnownFileType = sourcecode.swift; path = PuzzleView.swift; sourceTree = "<group>"; };
		0B0CD5EA287E650400774CDB /* Assets.xcassets */ = {isa = PBXFileReference; lastKnownFileType = folder.assetcatalog; path = Assets.xcassets; sourceTree = "<group>"; };
		0B0CD5F7287E650400774CDB /* Puzzle_BuddyTests.swift */ = {isa = PBXFileReference; lastKnownFileType = sourcecode.swift; path = Puzzle_BuddyTests.swift; sourceTree = "<group>"; };
		0B0CD601287E650400774CDB /* Puzzle_BuddyUITests.swift */ = {isa = PBXFileReference; lastKnownFileType = sourcecode.swift; path = Puzzle_BuddyUITests.swift; sourceTree = "<group>"; };
		0B0CD603287E650400774CDB /* Puzzle_BuddyUITestsLaunchTests.swift */ = {isa = PBXFileReference; lastKnownFileType = sourcecode.swift; path = Puzzle_BuddyUITestsLaunchTests.swift; sourceTree = "<group>"; };
		0B4A99BD2A00BB2600AA2EE3 /* Puzzle Buddy.app */ = {isa = PBXFileReference; explicitFileType = wrapper.application; includeInIndex = 0; path = "Puzzle Buddy.app"; sourceTree = BUILT_PRODUCTS_DIR; };
		0B4A99BE2A00BB2600AA2EE3 /* Puzzle BuddyTests.xctest */ = {isa = PBXFileReference; explicitFileType = wrapper.cfbundle; includeInIndex = 0; path = "Puzzle BuddyTests.xctest"; sourceTree = BUILT_PRODUCTS_DIR; };
		0B4A99BF2A00BB2600AA2EE3 /* Puzzle BuddyUITests.xctest */ = {isa = PBXFileReference; explicitFileType = wrapper.cfbundle; includeInIndex = 0; path = "Puzzle BuddyUITests.xctest"; sourceTree = BUILT_PRODUCTS_DIR; };
		0B4A99C62A01886500AA2EE3 /* WidgetKit.framework */ = {isa = PBXFileReference; lastKnownFileType = wrapper.framework; name = WidgetKit.framework; path = System/Library/Frameworks/WidgetKit.framework; sourceTree = SDKROOT; };
		0B4A99C82A01886500AA2EE3 /* SwiftUI.framework */ = {isa = PBXFileReference; lastKnownFileType = wrapper.framework; name = SwiftUI.framework; path = System/Library/Frameworks/SwiftUI.framework; sourceTree = SDKROOT; };
		0B523F0728BFD2D000A75BA7 /* GoogleService-Info.plist */ = {isa = PBXFileReference; fileEncoding = 4; lastKnownFileType = text.plist.xml; path = "GoogleService-Info.plist"; sourceTree = "<group>"; };
		0B523F0B28BFD36400A75BA7 /* Puzzle-Buddy-Info.plist */ = {isa = PBXFileReference; lastKnownFileType = text.plist; path = "Puzzle-Buddy-Info.plist"; sourceTree = SOURCE_ROOT; };
		0B523F0C28BFD52400A75BA7 /* Puzzle Buddy.entitlements */ = {isa = PBXFileReference; lastKnownFileType = text.plist.entitlements; path = "Puzzle Buddy.entitlements"; sourceTree = "<group>"; };
		0B5B345528CEB45200E2CD30 /* ImagePicker.swift */ = {isa = PBXFileReference; fileEncoding = 4; lastKnownFileType = sourcecode.swift; path = ImagePicker.swift; sourceTree = "<group>"; };
		0B660E47288C4F1000696180 /* PuzzleObject.swift */ = {isa = PBXFileReference; lastKnownFileType = sourcecode.swift; path = PuzzleObject.swift; sourceTree = "<group>"; };
		0B660E49288C4F2B00696180 /* PuzzleForm.swift */ = {isa = PBXFileReference; lastKnownFileType = sourcecode.swift; path = PuzzleForm.swift; sourceTree = "<group>"; };
		0B660E4B288C4F6700696180 /* PuzzleList.swift */ = {isa = PBXFileReference; lastKnownFileType = sourcecode.swift; path = PuzzleList.swift; sourceTree = "<group>"; };
		0B85808628C0032D00CE3B91 /* PuzzleCell.swift */ = {isa = PBXFileReference; lastKnownFileType = sourcecode.swift; path = PuzzleCell.swift; sourceTree = "<group>"; };
		0B85808828C0049300CE3B91 /* SettingsView.swift */ = {isa = PBXFileReference; lastKnownFileType = sourcecode.swift; path = SettingsView.swift; sourceTree = "<group>"; };
		0B85808A28C004E800CE3B91 /* PuzzleTabbar.swift */ = {isa = PBXFileReference; lastKnownFileType = sourcecode.swift; path = PuzzleTabbar.swift; sourceTree = "<group>"; };
		0B85808C28C005DD00CE3B91 /* CreateAccount.swift */ = {isa = PBXFileReference; lastKnownFileType = sourcecode.swift; path = CreateAccount.swift; sourceTree = "<group>"; };
		0B85809328C0082300CE3B91 /* RatingsView.swift */ = {isa = PBXFileReference; lastKnownFileType = sourcecode.swift; path = RatingsView.swift; sourceTree = "<group>"; };
		0B85809728C0086700CE3B91 /* DifficultyView.swift */ = {isa = PBXFileReference; lastKnownFileType = sourcecode.swift; path = DifficultyView.swift; sourceTree = "<group>"; };
		0BA2D53628BE650000132868 /* AppDelegate.swift */ = {isa = PBXFileReference; lastKnownFileType = sourcecode.swift; path = AppDelegate.swift; sourceTree = "<group>"; };
		0BA2D54228BE718C00132868 /* LoginView.swift */ = {isa = PBXFileReference; fileEncoding = 4; lastKnownFileType = sourcecode.swift; path = LoginView.swift; sourceTree = "<group>"; };
		0BA2D54328BE718C00132868 /* FirebaseAuthProvider.swift */ = {isa = PBXFileReference; fileEncoding = 4; lastKnownFileType = sourcecode.swift; path = FirebaseAuthProvider.swift; sourceTree = "<group>"; };
		0BA2D54728BE718C00132868 /* ForgotPasswordView.swift */ = {isa = PBXFileReference; fileEncoding = 4; lastKnownFileType = sourcecode.swift; path = ForgotPasswordView.swift; sourceTree = "<group>"; };
		0BA2D54E28BE71F100132868 /* ErrorHandling.swift */ = {isa = PBXFileReference; fileEncoding = 4; lastKnownFileType = sourcecode.swift; path = ErrorHandling.swift; sourceTree = "<group>"; };
		0BA2D55028BE720500132868 /* SecureInputView.swift */ = {isa = PBXFileReference; fileEncoding = 4; lastKnownFileType = sourcecode.swift; path = SecureInputView.swift; sourceTree = "<group>"; };
		0BA2D55628BE76C500132868 /* PuzzleStore.swift */ = {isa = PBXFileReference; lastKnownFileType = sourcecode.swift; path = PuzzleStore.swift; sourceTree = "<group>"; };
		0BC4AC90290A55C100C56BB7 /* LottieView.swift */ = {isa = PBXFileReference; lastKnownFileType = sourcecode.swift; path = LottieView.swift; sourceTree = "<group>"; };
		0BC4AC92290A571000C56BB7 /* login.json */ = {isa = PBXFileReference; fileEncoding = 4; lastKnownFileType = text.json; path = login.json; sourceTree = "<group>"; };
		0BC4AC94290B06C000C56BB7 /* profile.json */ = {isa = PBXFileReference; fileEncoding = 4; lastKnownFileType = text.json; path = profile.json; sourceTree = "<group>"; };
		0BC4AC96290B0D2000C56BB7 /* photo.json */ = {isa = PBXFileReference; fileEncoding = 4; lastKnownFileType = text.json; path = photo.json; sourceTree = "<group>"; };
		0BC4AC98290B0F5100C56BB7 /* puzzle.json */ = {isa = PBXFileReference; fileEncoding = 4; lastKnownFileType = text.json; path = puzzle.json; sourceTree = "<group>"; };
		0BE5C08028BFC145001CD479 /* PuzzleDetail.swift */ = {isa = PBXFileReference; lastKnownFileType = sourcecode.swift; path = PuzzleDetail.swift; sourceTree = "<group>"; };
/* End PBXFileReference section */

/* Begin PBXFrameworksBuildPhase section */
		0B0CD5E0287E650200774CDB /* Frameworks */ = {
			isa = PBXFrameworksBuildPhase;
			buildActionMask = 2147483647;
			files = (
				0BC4AC8F290A557500C56BB7 /* Lottie in Frameworks */,
				0B5B345F28CFA2E400E2CD30 /* FirebaseMessaging in Frameworks */,
				0B5B345928CFA2E400E2CD30 /* FirebaseAnalytics in Frameworks */,
				0B5B345B28CFA2E400E2CD30 /* FirebaseAuth in Frameworks */,
				0B5B345D28CFA2E400E2CD30 /* FirebaseFirestore in Frameworks */,
			);
			runOnlyForDeploymentPostprocessing = 0;
		};
		0B0CD5F0287E650400774CDB /* Frameworks */ = {
			isa = PBXFrameworksBuildPhase;
			buildActionMask = 2147483647;
			files = (
			);
			runOnlyForDeploymentPostprocessing = 0;
		};
		0B0CD5FA287E650400774CDB /* Frameworks */ = {
			isa = PBXFrameworksBuildPhase;
			buildActionMask = 2147483647;
			files = (
			);
			runOnlyForDeploymentPostprocessing = 0;
		};
/* End PBXFrameworksBuildPhase section */

/* Begin PBXGroup section */
		0B0CD5DA287E650200774CDB = {
			isa = PBXGroup;
			children = (
				0B523F0728BFD2D000A75BA7 /* GoogleService-Info.plist */,
				0B0CD5E5287E650200774CDB /* Puzzle Buddy */,
				0B0CD5F6287E650400774CDB /* Puzzle BuddyTests */,
				0B0CD600287E650400774CDB /* Puzzle BuddyUITests */,
				0B4A99BD2A00BB2600AA2EE3 /* Puzzle Buddy.app */,
				0B4A99BE2A00BB2600AA2EE3 /* Puzzle BuddyTests.xctest */,
				0B4A99BF2A00BB2600AA2EE3 /* Puzzle BuddyUITests.xctest */,
				0B4A99C52A01886500AA2EE3 /* Frameworks */,
			);
			sourceTree = "<group>";
		};
		0B0CD5E5287E650200774CDB /* Puzzle Buddy */ = {
			isa = PBXGroup;
			children = (
				0B523F0C28BFD52400A75BA7 /* Puzzle Buddy.entitlements */,
				0B523F0B28BFD36400A75BA7 /* Puzzle-Buddy-Info.plist */,
				0B0CD5E6287E650200774CDB /* Puzzle_BuddyApp.swift */,
				0BA2D53628BE650000132868 /* AppDelegate.swift */,
				0BC4AC9A290B0F5D00C56BB7 /* LottieAnimations */,
				0B0CD5EA287E650400774CDB /* Assets.xcassets */,
				0BA2D54128BE718C00132868 /* Login */,
				0BE5C08228BFC2C8001CD479 /* Views */,
				0BE5C08328BFC2E4001CD479 /* Helpers */,
				0BA2D55428BE721900132868 /* Util */,
			);
			path = "Puzzle Buddy";
			sourceTree = "<group>";
		};
		0B0CD5F6287E650400774CDB /* Puzzle BuddyTests */ = {
			isa = PBXGroup;
			children = (
				0B0CD5F7287E650400774CDB /* Puzzle_BuddyTests.swift */,
			);
			path = "Puzzle BuddyTests";
			sourceTree = "<group>";
		};
		0B0CD600287E650400774CDB /* Puzzle BuddyUITests */ = {
			isa = PBXGroup;
			children = (
				0B0CD601287E650400774CDB /* Puzzle_BuddyUITests.swift */,
				0B0CD603287E650400774CDB /* Puzzle_BuddyUITestsLaunchTests.swift */,
			);
			path = "Puzzle BuddyUITests";
			sourceTree = "<group>";
		};
		0B4A99C52A01886500AA2EE3 /* Frameworks */ = {
			isa = PBXGroup;
			children = (
				0B4A99C62A01886500AA2EE3 /* WidgetKit.framework */,
				0B4A99C82A01886500AA2EE3 /* SwiftUI.framework */,
			);
			name = Frameworks;
			sourceTree = "<group>";
		};
		0B85808E28C0065A00CE3B91 /* PuzzleViews */ = {
			isa = PBXGroup;
			children = (
				0B660E49288C4F2B00696180 /* PuzzleForm.swift */,
				0B0CD5E8287E650200774CDB /* PuzzleView.swift */,
				0B660E4B288C4F6700696180 /* PuzzleList.swift */,
				0B85808A28C004E800CE3B91 /* PuzzleTabbar.swift */,
				0B85808628C0032D00CE3B91 /* PuzzleCell.swift */,
				0BE5C08028BFC145001CD479 /* PuzzleDetail.swift */,
			);
			path = PuzzleViews;
			sourceTree = "<group>";
		};
		0B85809B28C0099600CE3B91 /* HelperViews */ = {
			isa = PBXGroup;
			children = (
				0B85809328C0082300CE3B91 /* RatingsView.swift */,
				0B85809728C0086700CE3B91 /* DifficultyView.swift */,
			);
			path = HelperViews;
			sourceTree = "<group>";
		};
		0BA2D54128BE718C00132868 /* Login */ = {
			isa = PBXGroup;
			children = (
				0BA2D54228BE718C00132868 /* LoginView.swift */,
				0B85808C28C005DD00CE3B91 /* CreateAccount.swift */,
				0BA2D54328BE718C00132868 /* FirebaseAuthProvider.swift */,
				0BA2D54728BE718C00132868 /* ForgotPasswordView.swift */,
			);
			path = Login;
			sourceTree = "<group>";
		};
		0BA2D55428BE721900132868 /* Util */ = {
			isa = PBXGroup;
			children = (
				0B5B345528CEB45200E2CD30 /* ImagePicker.swift */,
				0BA2D54E28BE71F100132868 /* ErrorHandling.swift */,
				0BA2D55028BE720500132868 /* SecureInputView.swift */,
			);
			path = Util;
			sourceTree = "<group>";
		};
		0BC4AC9A290B0F5D00C56BB7 /* LottieAnimations */ = {
			isa = PBXGroup;
			children = (
				0BC4AC90290A55C100C56BB7 /* LottieView.swift */,
				0BC4AC92290A571000C56BB7 /* login.json */,
				0BC4AC98290B0F5100C56BB7 /* puzzle.json */,
				0BC4AC96290B0D2000C56BB7 /* photo.json */,
				0BC4AC94290B06C000C56BB7 /* profile.json */,
			);
			name = LottieAnimations;
			sourceTree = "<group>";
		};
		0BE5C08228BFC2C8001CD479 /* Views */ = {
			isa = PBXGroup;
			children = (
				0B85808828C0049300CE3B91 /* SettingsView.swift */,
				0B85809B28C0099600CE3B91 /* HelperViews */,
				0B85808E28C0065A00CE3B91 /* PuzzleViews */,
			);
			path = Views;
			sourceTree = "<group>";
		};
		0BE5C08328BFC2E4001CD479 /* Helpers */ = {
			isa = PBXGroup;
			children = (
				0B660E47288C4F1000696180 /* PuzzleObject.swift */,
				0BA2D55628BE76C500132868 /* PuzzleStore.swift */,
			);
			path = Helpers;
			sourceTree = "<group>";
		};
/* End PBXGroup section */

/* Begin PBXNativeTarget section */
		0B0CD5E2287E650200774CDB /* Puzzle Buddy */ = {
			isa = PBXNativeTarget;
			buildConfigurationList = 0B0CD607287E650400774CDB /* Build configuration list for PBXNativeTarget "Puzzle Buddy" */;
			buildPhases = (
				0B0CD5DF287E650200774CDB /* Sources */,
				0B0CD5E0287E650200774CDB /* Frameworks */,
				0B0CD5E1287E650200774CDB /* Resources */,
				0B4A99D72A01886700AA2EE3 /* Embed Foundation Extensions */,
			);
			buildRules = (
			);
			dependencies = (
			);
			name = "Puzzle Buddy";
			packageProductDependencies = (
				0B5B345828CFA2E400E2CD30 /* FirebaseAnalytics */,
				0B5B345A28CFA2E400E2CD30 /* FirebaseAuth */,
				0B5B345C28CFA2E400E2CD30 /* FirebaseFirestore */,
				0B5B345E28CFA2E400E2CD30 /* FirebaseMessaging */,
				0BC4AC8E290A557500C56BB7 /* Lottie */,
			);
			productName = "Puzzle Buddy";
			productReference = 0B4A99BD2A00BB2600AA2EE3 /* Puzzle Buddy.app */;
			productType = "com.apple.product-type.application";
		};
		0B0CD5F2287E650400774CDB /* Puzzle BuddyTests */ = {
			isa = PBXNativeTarget;
			buildConfigurationList = 0B0CD60A287E650400774CDB /* Build configuration list for PBXNativeTarget "Puzzle BuddyTests" */;
			buildPhases = (
				0B0CD5EF287E650400774CDB /* Sources */,
				0B0CD5F0287E650400774CDB /* Frameworks */,
				0B0CD5F1287E650400774CDB /* Resources */,
			);
			buildRules = (
			);
			dependencies = (
				0B0CD5F5287E650400774CDB /* PBXTargetDependency */,
			);
			name = "Puzzle BuddyTests";
			productName = "Puzzle BuddyTests";
			productReference = 0B4A99BE2A00BB2600AA2EE3 /* Puzzle BuddyTests.xctest */;
			productType = "com.apple.product-type.bundle.unit-test";
		};
		0B0CD5FC287E650400774CDB /* Puzzle BuddyUITests */ = {
			isa = PBXNativeTarget;
			buildConfigurationList = 0B0CD60D287E650400774CDB /* Build configuration list for PBXNativeTarget "Puzzle BuddyUITests" */;
			buildPhases = (
				0B0CD5F9287E650400774CDB /* Sources */,
				0B0CD5FA287E650400774CDB /* Frameworks */,
				0B0CD5FB287E650400774CDB /* Resources */,
			);
			buildRules = (
			);
			dependencies = (
				0B0CD5FF287E650400774CDB /* PBXTargetDependency */,
			);
			name = "Puzzle BuddyUITests";
			productName = "Puzzle BuddyUITests";
			productReference = 0B4A99BF2A00BB2600AA2EE3 /* Puzzle BuddyUITests.xctest */;
			productType = "com.apple.product-type.bundle.ui-testing";
		};
/* End PBXNativeTarget section */

/* Begin PBXProject section */
		0B0CD5DB287E650200774CDB /* Project object */ = {
			isa = PBXProject;
			attributes = {
				BuildIndependentTargetsInParallel = 1;
				LastSwiftUpdateCheck = 1430;
				LastUpgradeCheck = 1340;
				TargetAttributes = {
					0B0CD5E2287E650200774CDB = {
						CreatedOnToolsVersion = 13.4;
					};
					0B0CD5F2287E650400774CDB = {
						CreatedOnToolsVersion = 13.4;
						TestTargetID = 0B0CD5E2287E650200774CDB;
					};
					0B0CD5FC287E650400774CDB = {
						CreatedOnToolsVersion = 13.4;
						TestTargetID = 0B0CD5E2287E650200774CDB;
					};
				};
			};
			buildConfigurationList = 0B0CD5DE287E650200774CDB /* Build configuration list for PBXProject "Puzzle Buddy" */;
			compatibilityVersion = "Xcode 13.0";
			developmentRegion = en;
			hasScannedForEncodings = 0;
			knownRegions = (
				en,
				Base,
			);
			mainGroup = 0B0CD5DA287E650200774CDB;
			packageReferences = (
				0B5B345728CFA2E400E2CD30 /* XCRemoteSwiftPackageReference "firebase-ios-sdk" */,
				0BC4AC8D290A557500C56BB7 /* XCRemoteSwiftPackageReference "lottie-ios" */,
			);
			productRefGroup = 0B0CD5DA287E650200774CDB;
			projectDirPath = "";
			projectRoot = "";
			targets = (
				0B0CD5E2287E650200774CDB /* Puzzle Buddy */,
				0B0CD5F2287E650400774CDB /* Puzzle BuddyTests */,
				0B0CD5FC287E650400774CDB /* Puzzle BuddyUITests */,
			);
		};
/* End PBXProject section */

/* Begin PBXResourcesBuildPhase section */
		0B0CD5E1287E650200774CDB /* Resources */ = {
			isa = PBXResourcesBuildPhase;
			buildActionMask = 2147483647;
			files = (
				0B0CD5EB287E650400774CDB /* Assets.xcassets in Resources */,
				0B523F0828BFD2D000A75BA7 /* GoogleService-Info.plist in Resources */,
				0BC4AC97290B0D2000C56BB7 /* photo.json in Resources */,
				0BC4AC93290A571000C56BB7 /* login.json in Resources */,
				0BC4AC95290B06C100C56BB7 /* profile.json in Resources */,
				0BC4AC99290B0F5100C56BB7 /* puzzle.json in Resources */,
			);
			runOnlyForDeploymentPostprocessing = 0;
		};
		0B0CD5F1287E650400774CDB /* Resources */ = {
			isa = PBXResourcesBuildPhase;
			buildActionMask = 2147483647;
			files = (
				0B523F0928BFD2D000A75BA7 /* GoogleService-Info.plist in Resources */,
			);
			runOnlyForDeploymentPostprocessing = 0;
		};
		0B0CD5FB287E650400774CDB /* Resources */ = {
			isa = PBXResourcesBuildPhase;
			buildActionMask = 2147483647;
			files = (
				0B523F0A28BFD2D000A75BA7 /* GoogleService-Info.plist in Resources */,
			);
			runOnlyForDeploymentPostprocessing = 0;
		};
/* End PBXResourcesBuildPhase section */

/* Begin PBXSourcesBuildPhase section */
		0B0CD5DF287E650200774CDB /* Sources */ = {
			isa = PBXSourcesBuildPhase;
			buildActionMask = 2147483647;
			files = (
				0B85808928C0049300CE3B91 /* SettingsView.swift in Sources */,
				0BA2D53728BE650000132868 /* AppDelegate.swift in Sources */,
				0BA2D55228BE720500132868 /* SecureInputView.swift in Sources */,
				0B85808B28C004E800CE3B91 /* PuzzleTabbar.swift in Sources */,
				0BA2D54828BE718D00132868 /* LoginView.swift in Sources */,
				0B0CD5E9287E650200774CDB /* PuzzleView.swift in Sources */,
				0B660E4A288C4F2B00696180 /* PuzzleForm.swift in Sources */,
				0B85808728C0032D00CE3B91 /* PuzzleCell.swift in Sources */,
				0B0CD5E7287E650200774CDB /* Puzzle_BuddyApp.swift in Sources */,
				0B660E4C288C4F6700696180 /* PuzzleList.swift in Sources */,
				0B660E48288C4F1000696180 /* PuzzleObject.swift in Sources */,
				0BC4AC91290A55C100C56BB7 /* LottieView.swift in Sources */,
				0BA2D54F28BE71F100132868 /* ErrorHandling.swift in Sources */,
				0BE5C08128BFC145001CD479 /* PuzzleDetail.swift in Sources */,
				0B85809428C0082300CE3B91 /* RatingsView.swift in Sources */,
				0BA2D55728BE76C500132868 /* PuzzleStore.swift in Sources */,
				0B85808D28C005DD00CE3B91 /* CreateAccount.swift in Sources */,
				0B85809828C0086700CE3B91 /* DifficultyView.swift in Sources */,
				0B5B345628CEB45200E2CD30 /* ImagePicker.swift in Sources */,
				0BA2D54D28BE718D00132868 /* ForgotPasswordView.swift in Sources */,
				0BA2D54928BE718D00132868 /* FirebaseAuthProvider.swift in Sources */,
			);
			runOnlyForDeploymentPostprocessing = 0;
		};
		0B0CD5EF287E650400774CDB /* Sources */ = {
			isa = PBXSourcesBuildPhase;
			buildActionMask = 2147483647;
			files = (
				0BA2D53828BE650000132868 /* AppDelegate.swift in Sources */,
				0B85809928C0086700CE3B91 /* DifficultyView.swift in Sources */,
				0B85809528C0082300CE3B91 /* RatingsView.swift in Sources */,
				0B0CD5F8287E650400774CDB /* Puzzle_BuddyTests.swift in Sources */,
			);
			runOnlyForDeploymentPostprocessing = 0;
		};
		0B0CD5F9287E650400774CDB /* Sources */ = {
			isa = PBXSourcesBuildPhase;
			buildActionMask = 2147483647;
			files = (
				0B85809A28C0086700CE3B91 /* DifficultyView.swift in Sources */,
				0BA2D53928BE650000132868 /* AppDelegate.swift in Sources */,
				0B0CD602287E650400774CDB /* Puzzle_BuddyUITests.swift in Sources */,
				0B0CD604287E650400774CDB /* Puzzle_BuddyUITestsLaunchTests.swift in Sources */,
				0B85809628C0082300CE3B91 /* RatingsView.swift in Sources */,
			);
			runOnlyForDeploymentPostprocessing = 0;
		};
/* End PBXSourcesBuildPhase section */

/* Begin PBXTargetDependency section */
		0B0CD5F5287E650400774CDB /* PBXTargetDependency */ = {
			isa = PBXTargetDependency;
			target = 0B0CD5E2287E650200774CDB /* Puzzle Buddy */;
			targetProxy = 0B0CD5F4287E650400774CDB /* PBXContainerItemProxy */;
		};
		0B0CD5FF287E650400774CDB /* PBXTargetDependency */ = {
			isa = PBXTargetDependency;
			target = 0B0CD5E2287E650200774CDB /* Puzzle Buddy */;
			targetProxy = 0B0CD5FE287E650400774CDB /* PBXContainerItemProxy */;
		};
/* End PBXTargetDependency section */

/* Begin XCBuildConfiguration section */
		0B0CD605287E650400774CDB /* Debug */ = {
			isa = XCBuildConfiguration;
			buildSettings = {
				ALWAYS_SEARCH_USER_PATHS = NO;
				CLANG_ANALYZER_NONNULL = YES;
				CLANG_ANALYZER_NUMBER_OBJECT_CONVERSION = YES_AGGRESSIVE;
				CLANG_CXX_LANGUAGE_STANDARD = "gnu++17";
				CLANG_ENABLE_MODULES = YES;
				CLANG_ENABLE_OBJC_ARC = YES;
				CLANG_ENABLE_OBJC_WEAK = YES;
				CLANG_WARN_BLOCK_CAPTURE_AUTORELEASING = YES;
				CLANG_WARN_BOOL_CONVERSION = YES;
				CLANG_WARN_COMMA = YES;
				CLANG_WARN_CONSTANT_CONVERSION = YES;
				CLANG_WARN_DEPRECATED_OBJC_IMPLEMENTATIONS = YES;
				CLANG_WARN_DIRECT_OBJC_ISA_USAGE = YES_ERROR;
				CLANG_WARN_DOCUMENTATION_COMMENTS = YES;
				CLANG_WARN_EMPTY_BODY = YES;
				CLANG_WARN_ENUM_CONVERSION = YES;
				CLANG_WARN_INFINITE_RECURSION = YES;
				CLANG_WARN_INT_CONVERSION = YES;
				CLANG_WARN_NON_LITERAL_NULL_CONVERSION = YES;
				CLANG_WARN_OBJC_IMPLICIT_RETAIN_SELF = YES;
				CLANG_WARN_OBJC_LITERAL_CONVERSION = YES;
				CLANG_WARN_OBJC_ROOT_CLASS = YES_ERROR;
				CLANG_WARN_QUOTED_INCLUDE_IN_FRAMEWORK_HEADER = YES;
				CLANG_WARN_RANGE_LOOP_ANALYSIS = YES;
				CLANG_WARN_STRICT_PROTOTYPES = YES;
				CLANG_WARN_SUSPICIOUS_MOVE = YES;
				CLANG_WARN_UNGUARDED_AVAILABILITY = YES_AGGRESSIVE;
				CLANG_WARN_UNREACHABLE_CODE = YES;
				CLANG_WARN__DUPLICATE_METHOD_MATCH = YES;
				COPY_PHASE_STRIP = NO;
				DEBUG_INFORMATION_FORMAT = dwarf;
				ENABLE_STRICT_OBJC_MSGSEND = YES;
				ENABLE_TESTABILITY = YES;
				GCC_C_LANGUAGE_STANDARD = gnu11;
				GCC_DYNAMIC_NO_PIC = NO;
				GCC_NO_COMMON_BLOCKS = YES;
				GCC_OPTIMIZATION_LEVEL = 0;
				GCC_PREPROCESSOR_DEFINITIONS = (
					"DEBUG=1",
					"$(inherited)",
				);
				GCC_WARN_64_TO_32_BIT_CONVERSION = YES;
				GCC_WARN_ABOUT_RETURN_TYPE = YES_ERROR;
				GCC_WARN_UNDECLARED_SELECTOR = YES;
				GCC_WARN_UNINITIALIZED_AUTOS = YES_AGGRESSIVE;
				GCC_WARN_UNUSED_FUNCTION = YES;
				GCC_WARN_UNUSED_VARIABLE = YES;
				IPHONEOS_DEPLOYMENT_TARGET = 16.0;
				MTL_ENABLE_DEBUG_INFO = INCLUDE_SOURCE;
				MTL_FAST_MATH = YES;
				ONLY_ACTIVE_ARCH = YES;
				SDKROOT = iphoneos;
				SWIFT_ACTIVE_COMPILATION_CONDITIONS = DEBUG;
				SWIFT_OPTIMIZATION_LEVEL = "-Onone";
			};
			name = Debug;
		};
		0B0CD606287E650400774CDB /* Release */ = {
			isa = XCBuildConfiguration;
			buildSettings = {
				ALWAYS_SEARCH_USER_PATHS = NO;
				CLANG_ANALYZER_NONNULL = YES;
				CLANG_ANALYZER_NUMBER_OBJECT_CONVERSION = YES_AGGRESSIVE;
				CLANG_CXX_LANGUAGE_STANDARD = "gnu++17";
				CLANG_ENABLE_MODULES = YES;
				CLANG_ENABLE_OBJC_ARC = YES;
				CLANG_ENABLE_OBJC_WEAK = YES;
				CLANG_WARN_BLOCK_CAPTURE_AUTORELEASING = YES;
				CLANG_WARN_BOOL_CONVERSION = YES;
				CLANG_WARN_COMMA = YES;
				CLANG_WARN_CONSTANT_CONVERSION = YES;
				CLANG_WARN_DEPRECATED_OBJC_IMPLEMENTATIONS = YES;
				CLANG_WARN_DIRECT_OBJC_ISA_USAGE = YES_ERROR;
				CLANG_WARN_DOCUMENTATION_COMMENTS = YES;
				CLANG_WARN_EMPTY_BODY = YES;
				CLANG_WARN_ENUM_CONVERSION = YES;
				CLANG_WARN_INFINITE_RECURSION = YES;
				CLANG_WARN_INT_CONVERSION = YES;
				CLANG_WARN_NON_LITERAL_NULL_CONVERSION = YES;
				CLANG_WARN_OBJC_IMPLICIT_RETAIN_SELF = YES;
				CLANG_WARN_OBJC_LITERAL_CONVERSION = YES;
				CLANG_WARN_OBJC_ROOT_CLASS = YES_ERROR;
				CLANG_WARN_QUOTED_INCLUDE_IN_FRAMEWORK_HEADER = YES;
				CLANG_WARN_RANGE_LOOP_ANALYSIS = YES;
				CLANG_WARN_STRICT_PROTOTYPES = YES;
				CLANG_WARN_SUSPICIOUS_MOVE = YES;
				CLANG_WARN_UNGUARDED_AVAILABILITY = YES_AGGRESSIVE;
				CLANG_WARN_UNREACHABLE_CODE = YES;
				CLANG_WARN__DUPLICATE_METHOD_MATCH = YES;
				COPY_PHASE_STRIP = NO;
				DEBUG_INFORMATION_FORMAT = "dwarf-with-dsym";
				ENABLE_NS_ASSERTIONS = NO;
				ENABLE_STRICT_OBJC_MSGSEND = YES;
				GCC_C_LANGUAGE_STANDARD = gnu11;
				GCC_NO_COMMON_BLOCKS = YES;
				GCC_WARN_64_TO_32_BIT_CONVERSION = YES;
				GCC_WARN_ABOUT_RETURN_TYPE = YES_ERROR;
				GCC_WARN_UNDECLARED_SELECTOR = YES;
				GCC_WARN_UNINITIALIZED_AUTOS = YES_AGGRESSIVE;
				GCC_WARN_UNUSED_FUNCTION = YES;
				GCC_WARN_UNUSED_VARIABLE = YES;
				IPHONEOS_DEPLOYMENT_TARGET = 16.0;
				MTL_ENABLE_DEBUG_INFO = NO;
				MTL_FAST_MATH = YES;
				SDKROOT = iphoneos;
				SWIFT_COMPILATION_MODE = wholemodule;
				SWIFT_OPTIMIZATION_LEVEL = "-O";
				VALIDATE_PRODUCT = YES;
			};
			name = Release;
		};
		0B0CD608287E650400774CDB /* Debug */ = {
			isa = XCBuildConfiguration;
			buildSettings = {
				ALWAYS_EMBED_SWIFT_STANDARD_LIBRARIES = YES;
				ASSETCATALOG_COMPILER_APPICON_NAME = AppIcon;
				ASSETCATALOG_COMPILER_GLOBAL_ACCENT_COLOR_NAME = AccentColor;
				CODE_SIGN_ENTITLEMENTS = "Puzzle Buddy/Puzzle Buddy.entitlements";
				CODE_SIGN_STYLE = Automatic;
				CURRENT_PROJECT_VERSION = 6;
				DEVELOPMENT_ASSET_PATHS = "\"Puzzle Buddy/Preview Content\"";
				DEVELOPMENT_TEAM = 7JT2JB89AV;
				ENABLE_PREVIEWS = YES;
				GENERATE_INFOPLIST_FILE = YES;
				INFOPLIST_FILE = "Puzzle-Buddy-Info.plist";
				INFOPLIST_KEY_CFBundleDisplayName = "Puzzle Pal";
				INFOPLIST_KEY_LSApplicationCategoryType = "public.app-category.utilities";
				INFOPLIST_KEY_NSCameraUsageDescription = "Your Puzzle Buddy needs camera access to take a photo of a puzzle";
				INFOPLIST_KEY_UIApplicationSceneManifest_Generation = YES;
				INFOPLIST_KEY_UIApplicationSupportsIndirectInputEvents = YES;
				INFOPLIST_KEY_UILaunchScreen_Generation = YES;
				INFOPLIST_KEY_UISupportedInterfaceOrientations_iPad = "UIInterfaceOrientationPortrait UIInterfaceOrientationPortraitUpsideDown UIInterfaceOrientationLandscapeLeft UIInterfaceOrientationLandscapeRight";
				INFOPLIST_KEY_UISupportedInterfaceOrientations_iPhone = "UIInterfaceOrientationPortrait UIInterfaceOrientationLandscapeLeft UIInterfaceOrientationLandscapeRight";
				IPHONEOS_DEPLOYMENT_TARGET = 16.0;
				LD_RUNPATH_SEARCH_PATHS = (
					"$(inherited)",
					"@executable_path/Frameworks",
				);
				MARKETING_VERSION = 1.0;
				PRODUCT_BUNDLE_IDENTIFIER = "com.jacobrozell.Puzzle-Buddy";
				PRODUCT_NAME = "$(TARGET_NAME)";
				SWIFT_EMIT_LOC_STRINGS = YES;
				SWIFT_VERSION = 5.0;
				TARGETED_DEVICE_FAMILY = "1,2";
			};
			name = Debug;
		};
		0B0CD609287E650400774CDB /* Release */ = {
			isa = XCBuildConfiguration;
			buildSettings = {
				ALWAYS_EMBED_SWIFT_STANDARD_LIBRARIES = YES;
				ASSETCATALOG_COMPILER_APPICON_NAME = AppIcon;
				ASSETCATALOG_COMPILER_GLOBAL_ACCENT_COLOR_NAME = AccentColor;
				CODE_SIGN_ENTITLEMENTS = "Puzzle Buddy/Puzzle Buddy.entitlements";
				CODE_SIGN_STYLE = Automatic;
				CURRENT_PROJECT_VERSION = 6;
				DEVELOPMENT_ASSET_PATHS = "\"Puzzle Buddy/Preview Content\"";
				DEVELOPMENT_TEAM = 7JT2JB89AV;
				ENABLE_PREVIEWS = YES;
				GENERATE_INFOPLIST_FILE = YES;
				INFOPLIST_FILE = "Puzzle-Buddy-Info.plist";
				INFOPLIST_KEY_CFBundleDisplayName = "Puzzle Pal";
				INFOPLIST_KEY_LSApplicationCategoryType = "public.app-category.utilities";
				INFOPLIST_KEY_NSCameraUsageDescription = "Your Puzzle Buddy needs camera access to take a photo of a puzzle";
				INFOPLIST_KEY_UIApplicationSceneManifest_Generation = YES;
				INFOPLIST_KEY_UIApplicationSupportsIndirectInputEvents = YES;
				INFOPLIST_KEY_UILaunchScreen_Generation = YES;
				INFOPLIST_KEY_UISupportedInterfaceOrientations_iPad = "UIInterfaceOrientationPortrait UIInterfaceOrientationPortraitUpsideDown UIInterfaceOrientationLandscapeLeft UIInterfaceOrientationLandscapeRight";
				INFOPLIST_KEY_UISupportedInterfaceOrientations_iPhone = "UIInterfaceOrientationPortrait UIInterfaceOrientationLandscapeLeft UIInterfaceOrientationLandscapeRight";
				IPHONEOS_DEPLOYMENT_TARGET = 16.0;
				LD_RUNPATH_SEARCH_PATHS = (
					"$(inherited)",
					"@executable_path/Frameworks",
				);
				MARKETING_VERSION = 1.0;
				PRODUCT_BUNDLE_IDENTIFIER = "com.jacobrozell.Puzzle-Buddy";
				PRODUCT_NAME = "$(TARGET_NAME)";
				SWIFT_EMIT_LOC_STRINGS = YES;
				SWIFT_VERSION = 5.0;
				TARGETED_DEVICE_FAMILY = "1,2";
			};
			name = Release;
		};
		0B0CD60B287E650400774CDB /* Debug */ = {
			isa = XCBuildConfiguration;
			buildSettings = {
				ALWAYS_EMBED_SWIFT_STANDARD_LIBRARIES = YES;
				BUNDLE_LOADER = "$(TEST_HOST)";
				CODE_SIGN_STYLE = Automatic;
				CURRENT_PROJECT_VERSION = 1;
				DEVELOPMENT_TEAM = 7JT2JB89AV;
				GENERATE_INFOPLIST_FILE = YES;
				IPHONEOS_DEPLOYMENT_TARGET = 16.0;
				MARKETING_VERSION = 1.0;
				PRODUCT_BUNDLE_IDENTIFIER = "com.jacobrozell.Puzzle-BuddyTests";
				PRODUCT_NAME = "$(TARGET_NAME)";
				SWIFT_EMIT_LOC_STRINGS = NO;
				SWIFT_VERSION = 5.0;
				TARGETED_DEVICE_FAMILY = "1,2";
				TEST_HOST = "$(BUILT_PRODUCTS_DIR)/Puzzle Buddy.app/Puzzle Buddy";
			};
			name = Debug;
		};
		0B0CD60C287E650400774CDB /* Release */ = {
			isa = XCBuildConfiguration;
			buildSettings = {
				ALWAYS_EMBED_SWIFT_STANDARD_LIBRARIES = YES;
				BUNDLE_LOADER = "$(TEST_HOST)";
				CODE_SIGN_STYLE = Automatic;
				CURRENT_PROJECT_VERSION = 1;
				DEVELOPMENT_TEAM = 7JT2JB89AV;
				GENERATE_INFOPLIST_FILE = YES;
				IPHONEOS_DEPLOYMENT_TARGET = 16.0;
				MARKETING_VERSION = 1.0;
				PRODUCT_BUNDLE_IDENTIFIER = "com.jacobrozell.Puzzle-BuddyTests";
				PRODUCT_NAME = "$(TARGET_NAME)";
				SWIFT_EMIT_LOC_STRINGS = NO;
				SWIFT_VERSION = 5.0;
				TARGETED_DEVICE_FAMILY = "1,2";
				TEST_HOST = "$(BUILT_PRODUCTS_DIR)/Puzzle Buddy.app/Puzzle Buddy";
			};
			name = Release;
		};
		0B0CD60E287E650400774CDB /* Debug */ = {
			isa = XCBuildConfiguration;
			buildSettings = {
				ALWAYS_EMBED_SWIFT_STANDARD_LIBRARIES = YES;
				CODE_SIGN_STYLE = Automatic;
				CURRENT_PROJECT_VERSION = 1;
				DEVELOPMENT_TEAM = 7JT2JB89AV;
				GENERATE_INFOPLIST_FILE = YES;
				MARKETING_VERSION = 1.0;
				PRODUCT_BUNDLE_IDENTIFIER = "com.jacobrozell.Puzzle-BuddyUITests";
				PRODUCT_NAME = "$(TARGET_NAME)";
				SWIFT_EMIT_LOC_STRINGS = NO;
				SWIFT_VERSION = 5.0;
				TARGETED_DEVICE_FAMILY = "1,2";
				TEST_TARGET_NAME = "Puzzle Buddy";
			};
			name = Debug;
		};
		0B0CD60F287E650400774CDB /* Release */ = {
			isa = XCBuildConfiguration;
			buildSettings = {
				ALWAYS_EMBED_SWIFT_STANDARD_LIBRARIES = YES;
				CODE_SIGN_STYLE = Automatic;
				CURRENT_PROJECT_VERSION = 1;
				DEVELOPMENT_TEAM = 7JT2JB89AV;
				GENERATE_INFOPLIST_FILE = YES;
				MARKETING_VERSION = 1.0;
				PRODUCT_BUNDLE_IDENTIFIER = "com.jacobrozell.Puzzle-BuddyUITests";
				PRODUCT_NAME = "$(TARGET_NAME)";
				SWIFT_EMIT_LOC_STRINGS = NO;
				SWIFT_VERSION = 5.0;
				TARGETED_DEVICE_FAMILY = "1,2";
				TEST_TARGET_NAME = "Puzzle Buddy";
			};
			name = Release;
		};
/* End XCBuildConfiguration section */

/* Begin XCConfigurationList section */
		0B0CD5DE287E650200774CDB /* Build configuration list for PBXProject "Puzzle Buddy" */ = {
			isa = XCConfigurationList;
			buildConfigurations = (
				0B0CD605287E650400774CDB /* Debug */,
				0B0CD606287E650400774CDB /* Release */,
			);
			defaultConfigurationIsVisible = 0;
			defaultConfigurationName = Release;
		};
		0B0CD607287E650400774CDB /* Build configuration list for PBXNativeTarget "Puzzle Buddy" */ = {
			isa = XCConfigurationList;
			buildConfigurations = (
				0B0CD608287E650400774CDB /* Debug */,
				0B0CD609287E650400774CDB /* Release */,
			);
			defaultConfigurationIsVisible = 0;
			defaultConfigurationName = Release;
		};
		0B0CD60A287E650400774CDB /* Build configuration list for PBXNativeTarget "Puzzle BuddyTests" */ = {
			isa = XCConfigurationList;
			buildConfigurations = (
				0B0CD60B287E650400774CDB /* Debug */,
				0B0CD60C287E650400774CDB /* Release */,
			);
			defaultConfigurationIsVisible = 0;
			defaultConfigurationName = Release;
		};
		0B0CD60D287E650400774CDB /* Build configuration list for PBXNativeTarget "Puzzle BuddyUITests" */ = {
			isa = XCConfigurationList;
			buildConfigurations = (
				0B0CD60E287E650400774CDB /* Debug */,
				0B0CD60F287E650400774CDB /* Release */,
			);
			defaultConfigurationIsVisible = 0;
			defaultConfigurationName = Release;
		};
/* End XCConfigurationList section */

/* Begin XCRemoteSwiftPackageReference section */
		0B5B345728CFA2E400E2CD30 /* XCRemoteSwiftPackageReference "firebase-ios-sdk" */ = {
			isa = XCRemoteSwiftPackageReference;
			repositoryURL = "https://github.com/firebase/firebase-ios-sdk";
			requirement = {
				branch = master;
				kind = branch;
			};
		};
		0BC4AC8D290A557500C56BB7 /* XCRemoteSwiftPackageReference "lottie-ios" */ = {
			isa = XCRemoteSwiftPackageReference;
			repositoryURL = "https://github.com/airbnb/lottie-ios.git";
			requirement = {
				kind = upToNextMajorVersion;
				minimumVersion = 3.0.0;
			};
		};
/* End XCRemoteSwiftPackageReference section */

/* Begin XCSwiftPackageProductDependency section */
		0B5B345828CFA2E400E2CD30 /* FirebaseAnalytics */ = {
			isa = XCSwiftPackageProductDependency;
			package = 0B5B345728CFA2E400E2CD30 /* XCRemoteSwiftPackageReference "firebase-ios-sdk" */;
			productName = FirebaseAnalytics;
		};
		0B5B345A28CFA2E400E2CD30 /* FirebaseAuth */ = {
			isa = XCSwiftPackageProductDependency;
			package = 0B5B345728CFA2E400E2CD30 /* XCRemoteSwiftPackageReference "firebase-ios-sdk" */;
			productName = FirebaseAuth;
		};
		0B5B345C28CFA2E400E2CD30 /* FirebaseFirestore */ = {
			isa = XCSwiftPackageProductDependency;
			package = 0B5B345728CFA2E400E2CD30 /* XCRemoteSwiftPackageReference "firebase-ios-sdk" */;
			productName = FirebaseFirestore;
		};
		0B5B345E28CFA2E400E2CD30 /* FirebaseMessaging */ = {
			isa = XCSwiftPackageProductDependency;
			package = 0B5B345728CFA2E400E2CD30 /* XCRemoteSwiftPackageReference "firebase-ios-sdk" */;
			productName = FirebaseMessaging;
		};
		0BC4AC8E290A557500C56BB7 /* Lottie */ = {
			isa = XCSwiftPackageProductDependency;
			package = 0BC4AC8D290A557500C56BB7 /* XCRemoteSwiftPackageReference "lottie-ios" */;
			productName = Lottie;
		};
/* End XCSwiftPackageProductDependency section */
	};
	rootObject = 0B0CD5DB287E650200774CDB /* Project object */;
}
